
Microsoft Visual Studio Solution File, Format Version 12.00
# Visual Studio Version 16
VisualStudioVersion = 16.0.29920.165
MinimumVisualStudioVersion = 10.0.40219.1
Project("{9A19103F-16F7-4668-BE54-9A1E7A4F7556}") = "WebApiBancoNacion", "WebApiBancoNacion.csproj", "{80001A48-5BAB-4A81-841C-F3C0B7F8638A}"
EndProject
Project("{9A19103F-16F7-4668-BE54-9A1E7A4F7556}") = "UnitTestBancoNacion", "UnitTestBancoNacion\UnitTestBancoNacion.csproj", "{2422DE0D-6B58-4C83-9BFD-815DB3AFCEDC}"
EndProject
Global
	GlobalSection(SolutionConfigurationPlatforms) = preSolution
		Debug|Any CPU = Debug|Any CPU
		Release|Any CPU = Release|Any CPU
	EndGlobalSection
	GlobalSection(ProjectConfigurationPlatforms) = postSolution
		{80001A48-5BAB-4A81-841C-F3C0B7F8638A}.Debug|Any CPU.ActiveCfg = Debug|Any CPU
		{80001A48-5BAB-4A81-841C-F3C0B7F8638A}.Debug|Any CPU.Build.0 = Debug|Any CPU
		{80001A48-5BAB-4A81-841C-F3C0B7F8638A}.Release|Any CPU.ActiveCfg = Release|Any CPU
		{80001A48-5BAB-4A81-841C-F3C0B7F8638A}.Release|Any CPU.Build.0 = Release|Any CPU
		{2422DE0D-6B58-4C83-9BFD-815DB3AFCEDC}.Debug|Any CPU.ActiveCfg = Debug|Any CPU
		{2422DE0D-6B58-4C83-9BFD-815DB3AFCEDC}.Debug|Any CPU.Build.0 = Debug|Any CPU
		{2422DE0D-6B58-4C83-9BFD-815DB3AFCEDC}.Release|Any CPU.ActiveCfg = Release|Any CPU
		{2422DE0D-6B58-4C83-9BFD-815DB3AFCEDC}.Release|Any CPU.Build.0 = Release|Any CPU
	EndGlobalSection
	GlobalSection(SolutionProperties) = preSolution
		HideSolutionNode = FALSE
	EndGlobalSection
	GlobalSection(ExtensibilityGlobals) = postSolution
		SolutionGuid = {C89FAEF7-F5AA-4B7C-A3CB-9D150488722F}
	EndGlobalSection
EndGlobal
